{
    "psr/cache": {
        "version": "1.0.1"
    },
    "psr/container": {
        "version": "1.0.0"
    },
    "psr/log": {
        "version": "1.1.0"
    },
    "symfony/cache": {
        "version": "v4.3.4"
    },
    "symfony/cache-contracts": {
        "version": "v1.1.5"
    },
    "symfony/config": {
        "version": "v4.3.4"
    },
    "symfony/console": {
        "version": "3.3",
        "recipe": {
            "repo": "github.com/symfony/recipes",
            "branch": "master",
            "version": "3.3",
            "ref": "482d233eb8de91ebd042992077bbd5838858890c"
        },
        "files": [
            "bin/console",
            "config/bootstrap.php"
        ]
    },
    "symfony/debug": {
        "version": "v4.3.4"
    },
    "symfony/dependency-injection": {
        "version": "v4.3.4"
    },
    "symfony/dotenv": {
        "version": "v4.3.4"
    },
    "symfony/event-dispatcher": {
        "version": "v4.3.4"
    },
    "symfony/event-dispatcher-contracts": {
        "version": "v1.1.5"
    },
    "symfony/filesystem": {
        "version": "v4.3.4"
    },
    "symfony/finder": {
        "version": "v4.3.4"
    },
    "symfony/flex": {
        "version": "1.0",
        "recipe": {
            "repo": "github.com/symfony/recipes",
            "branch": "master",
            "version": "1.0",
            "ref": "dc3fc2e0334a4137c47cfd5a3ececc601fa61a0b"
        },
        "files": [
            ".env"
        ]
    },
    "symfony/framework-bundle": {
        "version": "4.2",
        "recipe": {
            "repo": "github.com/symfony/recipes",
            "branch": "master",
            "version": "4.2",
            "ref": "61ad963f28c091b8bb9449507654b9c7d8bbb53c"
        },
        "files": [
            "config/bootstrap.php",
            "config/packages/cache.yaml",
            "config/packages/framework.yaml",
            "config/packages/test/framework.yaml",
            "config/services.yaml",
            "public/index.php",
            "src/Controller/.gitignore",
            "src/Kernel.php"
        ]
    },
    "symfony/http-foundation": {
        "version": "v4.3.4"
    },
    "symfony/http-kernel": {
        "version": "v4.3.4"
    },
    "symfony/mime": {
        "version": "v4.3.4"
    },
    "symfony/polyfill-intl-idn": {
        "version": "v1.12.0"
    },
    "symfony/polyfill-mbstring": {
        "version": "v1.12.0"
    },
    "symfony/polyfill-php72": {
        "version": "v1.12.0"
    },
    "symfony/polyfill-php73": {
        "version": "v1.12.0"
    },
    "symfony/routing": {
        "version": "4.2",
        "recipe": {
            "repo": "github.com/symfony/recipes",
            "branch": "master",
            "version": "4.2",
            "ref": "4c107a8d23a16b997178fbd4103b8d2f54f688b7"
        },
        "files": [
            "config/packages/dev/routing.yaml",
            "config/packages/routing.yaml",
            "config/packages/test/routing.yaml",
            "config/routes.yaml"
        ]
    },
    "symfony/service-contracts": {
        "version": "v1.1.6"
    },
    "symfony/var-exporter": {
        "version": "v4.3.4"
    },
    "symfony/yaml": {
        "version": "v4.3.4"
    }
}
